
Microsoft Visual Studio Solution File, Format Version 12.00
# Visual Studio Version 17
VisualStudioVersion = 17.0.31903.59
MinimumVisualStudioVersion = 10.0.40219.1
Project("{9A19103F-16F7-4668-BE54-9A1E7A4F7556}") = "workshop.wwwapi", "workshop.wwwapi\workshop.wwwapi.csproj", "{2FAF3D48-DCF5-4CE3-B83E-F89A54F90A80}"
EndProject
Project("{2150E333-8FDC-42A3-9474-1A3956D46DE8}") = "Solution Items", "Solution Items", "{CC937557-0CE6-410B-85D5-BC97818F25EE}"
	ProjectSection(SolutionItems) = preProject
		.gitignore = .gitignore
		README.md = README.md
	EndProjectSection
EndProject
Global
	GlobalSection(SolutionConfigurationPlatforms) = preSolution
		Debug|Any CPU = Debug|Any CPU
		Release|Any CPU = Release|Any CPU
	EndGlobalSection
	GlobalSection(ProjectConfigurationPlatforms) = postSolution
		{2FAF3D48-DCF5-4CE3-B83E-F89A54F90A80}.Debug|Any CPU.ActiveCfg = Debug|Any CPU
		{2FAF3D48-DCF5-4CE3-B83E-F89A54F90A80}.Debug|Any CPU.Build.0 = Debug|Any CPU
		{2FAF3D48-DCF5-4CE3-B83E-F89A54F90A80}.Release|Any CPU.ActiveCfg = Release|Any CPU
		{2FAF3D48-DCF5-4CE3-B83E-F89A54F90A80}.Release|Any CPU.Build.0 = Release|Any CPU
	EndGlobalSection
	GlobalSection(SolutionProperties) = preSolution
		HideSolutionNode = FALSE
	EndGlobalSection
	GlobalSection(ExtensibilityGlobals) = postSolution
		SolutionGuid = {2FFC6CA0-E970-4587-9AD8-DB893AC46EF8}
	EndGlobalSection
EndGlobal
